
Microsoft Visual Studio Solution File, Format Version 12.00
# Visual Studio Version 16
VisualStudioVersion = 16.0.29609.76
MinimumVisualStudioVersion = 10.0.40219.1
Project("{FAE04EC0-301F-11D3-BF4B-00C04F79EFBC}") = "ProperDeedRealty", "ProperDeedRealty.csproj", "{12691551-A1DB-47C4-B6C0-86CD47F16528}"
EndProject
Project("{FAE04EC0-301F-11D3-BF4B-00C04F79EFBC}") = "ProperDeedRealty.Data", "..\ProperDeedRealty.Data\ProperDeedRealty.Data.csproj", "{3FF2053D-2398-45C2-B9A2-68FD7C48C714}"
EndProject
Global
	GlobalSection(SolutionConfigurationPlatforms) = preSolution
		Debug|Any CPU = Debug|Any CPU
		Release|Any CPU = Release|Any CPU
	EndGlobalSection
	GlobalSection(ProjectConfigurationPlatforms) = postSolution
		{12691551-A1DB-47C4-B6C0-86CD47F16528}.Debug|Any CPU.ActiveCfg = Debug|Any CPU
		{12691551-A1DB-47C4-B6C0-86CD47F16528}.Debug|Any CPU.Build.0 = Debug|Any CPU
		{12691551-A1DB-47C4-B6C0-86CD47F16528}.Release|Any CPU.ActiveCfg = Release|Any CPU
		{12691551-A1DB-47C4-B6C0-86CD47F16528}.Release|Any CPU.Build.0 = Release|Any CPU
		{3FF2053D-2398-45C2-B9A2-68FD7C48C714}.Debug|Any CPU.ActiveCfg = Debug|Any CPU
		{3FF2053D-2398-45C2-B9A2-68FD7C48C714}.Debug|Any CPU.Build.0 = Debug|Any CPU
		{3FF2053D-2398-45C2-B9A2-68FD7C48C714}.Release|Any CPU.ActiveCfg = Release|Any CPU
		{3FF2053D-2398-45C2-B9A2-68FD7C48C714}.Release|Any CPU.Build.0 = Release|Any CPU
	EndGlobalSection
	GlobalSection(SolutionProperties) = preSolution
		HideSolutionNode = FALSE
	EndGlobalSection
	GlobalSection(ExtensibilityGlobals) = postSolution
		SolutionGuid = {74990CBB-5BB3-4673-8A20-2F897A68DB74}
	EndGlobalSection
EndGlobal
